
Microsoft Visual Studio Solution File, Format Version 12.00
Project("{FAE04EC0-301F-11D3-BF4B-00C04F79EFBC}") = "HelloWorld", "HelloWorld\HelloWorld.csproj", "{47300E6A-9AFD-4EDD-8F66-791E5F846229}"
EndProject
Global
	GlobalSection(SolutionConfigurationPlatforms) = preSolution
		Debug|Any CPU = Debug|Any CPU
		Release|Any CPU = Release|Any CPU
	EndGlobalSection
	GlobalSection(ProjectConfigurationPlatforms) = postSolution
		{47300E6A-9AFD-4EDD-8F66-791E5F846229}.Debug|Any CPU.ActiveCfg = Debug|Any CPU
		{47300E6A-9AFD-4EDD-8F66-791E5F846229}.Debug|Any CPU.Build.0 = Debug|Any CPU
		{47300E6A-9AFD-4EDD-8F66-791E5F846229}.Release|Any CPU.ActiveCfg = Release|Any CPU
		{47300E6A-9AFD-4EDD-8F66-791E5F846229}.Release|Any CPU.Build.0 = Release|Any CPU
	EndGlobalSection
EndGlobal
